lockfileVersion: '9.0'

settings:
  autoInstallPeers: true
  excludeLinksFromLockfile: false

importers:

  .:
    dependencies:
      framer-motion:
        specifier: ^11.3.21
        version: 11.18.2
    devDependencies:
      '@types/css-modules':
        specifier: ^1.0.5
        version: 1.0.5
      '@types/react':
        specifier: ^18.3.31
        version: 18.3.31
      typescript:
        specifier: ^6.0.3
        version: 6.0.3

packages:

  '@types/css-modules@1.0.5':
    resolution: {integrity: sha512-oeKafs/df9lwOvtfiXVliZsocFVOexK9PZtLQWuPeuVCFR7jwiqlg60lu80JTe5NFNtH3tnV6Fs/ySR8BUPHAw==}

  '@types/prop-types@15.7.15':
    resolution: {integrity: sha512-F6bEyamV9jKGAFBEmlQnesRPGOQqS2+Uwi0Em15xenOxHaf2hv6L8YCVn3rPdPJOiJfPiCnLIRyvwVaqMY3MIw==}

  '@types/react@18.3.31':
    resolution: {integrity: sha512-vfEqpXTvwT91yhmwdfouStN2hSKwTvyRs8qpLfADyrq/kxDw0hZM7Wk9Ug1FELj8hIby+S/+kQCSRFF32nv2Qw==}

  csstype@3.2.3:
    resolution: {integrity: sha512-z1HGKcYy2xA8AGQfwrn0PAy+PB7X/GSj3UVJW9qKyn43xWa+gl5nXmU4qqLMRzWVLFC8KusUX8T/0kCiOYpAIQ==}

  framer-motion@11.18.2:
    resolution: {integrity: sha512-5F5Och7wrvtLVElIpclDT0CBzMVg3dL22B64aZwHtsIY8RB4mXICLrkajK4G9R+ieSAGcgrLeae2SeUTg2pr6w==}
    peerDependencies:
      '@emotion/is-prop-valid': '*'
      react: ^18.0.0 || ^19.0.0
      react-dom: ^18.0.0 || ^19.0.0
    peerDependenciesMeta:
      '@emotion/is-prop-valid':
        optional: true
      react:
        optional: true
      react-dom:
        optional: true

  motion-dom@11.18.1:
    resolution: {integrity: sha512-g76KvA001z+atjfxczdRtw/RXOM3OMSdd1f4DL77qCTF/+avrRJiawSG4yDibEQ215sr9kpinSlX2pCTJ9zbhw==}

  motion-utils@11.18.1:
    resolution: {integrity: sha512-49Kt+HKjtbJKLtgO/LKj9Ld+6vw9BjH5d9sc40R/kVyH8GLAXgT42M2NnuPcJNuA3s9ZfZBUcwIgpmZWGEE+hA==}

  tslib@2.8.1:
    resolution: {integrity: sha512-oJFu94HQb+KVduSUQL7wnpmqnfmLsOA/nAh6b6EH0wCEoK0/mPeXU6c3wKDV83MkOuHPRHtSXKKU99IBazS/2w==}

  typescript@6.0.3:
    resolution: {integrity: sha512-y2TvuxSZPDyQakkFRPZHKFm+KKVqIisdg9/CZwm9ftvKXLP8NRWj38/ODjNbr43SsoXqNuAisEf1GdCxqWcdBw==}
    engines: {node: '>=14.17'}
    hasBin: true

snapshots:

  '@types/css-modules@1.0.5': {}

  '@types/prop-types@15.7.15': {}

  '@types/react@18.3.31':
    dependencies:
      '@types/prop-types': 15.7.15
      csstype: 3.2.3

  csstype@3.2.3: {}

  framer-motion@11.18.2:
    dependencies:
      motion-dom: 11.18.1
      motion-utils: 11.18.1
      tslib: 2.8.1

  motion-dom@11.18.1:
    dependencies:
      motion-utils: 11.18.1

  motion-utils@11.18.1: {}

  tslib@2.8.1: {}

  typescript@6.0.3: {}
